// !$*UTF8*$!
{
	archiveVersion = 1;
	classes = {
	};
	objectVersion = 46;
	objects = {

/* Begin PBXBuildFile section */
		23E6097BBE9F87868EA719F1 /* libPods-BN_BaseKit.a in Frameworks */ = {isa = PBXBuildFile; fileRef = E73F5CEABF62746C7D78FB1D /* libPods-BN_BaseKit.a */; };
		847635A51DBCC82300194603 /* CALayer+TPCategory.m in Sources */ = {isa = PBXBuildFile; fileRef = 847635861DBCC82300194603 /* CALayer+TPCategory.m */; };
		847635A61DBCC82300194603 /* NSArray+TPCategory.m in Sources */ = {isa = PBXBuildFile; fileRef = 847635881DBCC82300194603 /* NSArray+TPCategory.m */; };
		847635A71DBCC82300194603 /* NSData+TPCategory.m in Sources */ = {isa = PBXBuildFile; fileRef = 8476358A1DBCC82300194603 /* NSData+TPCategory.m */; };
		847635A81DBCC82300194603 /* NSDate+PoohCategory.m in Sources */ = {isa = PBXBuildFile; fileRef = 8476358C1DBCC82300194603 /* NSDate+PoohCategory.m */; };
		847635A91DBCC82300194603 /* NSDate+TPCategory.m in Sources */ = {isa = PBXBuildFile; fileRef = 8476358E1DBCC82300194603 /* NSDate+TPCategory.m */; };
		847635AA1DBCC82300194603 /* NSDateFormatter+PoohCategory.m in Sources */ = {isa = PBXBuildFile; fileRef = 847635901DBCC82300194603 /* NSDateFormatter+PoohCategory.m */; };
		847635AB1DBCC82300194603 /* NSString+TPCategory.m in Sources */ = {isa = PBXBuildFile; fileRef = 847635921DBCC82300194603 /* NSString+TPCategory.m */; };
		847635AC1DBCC82300194603 /* UIButton+TPCategory.m in Sources */ = {isa = PBXBuildFile; fileRef = 847635941DBCC82300194603 /* UIButton+TPCategory.m */; };
		847635AD1DBCC82300194603 /* UIImage+TPCategory.m in Sources */ = {isa = PBXBuildFile; fileRef = 847635961DBCC82300194603 /* UIImage+TPCategory.m */; };
		847635AE1DBCC82300194603 /* UILabel+TPCategory.m in Sources */ = {isa = PBXBuildFile; fileRef = 847635981DBCC82300194603 /* UILabel+TPCategory.m */; };
		847635AF1DBCC82300194603 /* UINavigationBar+Awesome.m in Sources */ = {isa = PBXBuildFile; fileRef = 8476359A1DBCC82300194603 /* UINavigationBar+Awesome.m */; };
		847635B01DBCC82300194603 /* UIResponder+TPCategory.m in Sources */ = {isa = PBXBuildFile; fileRef = 8476359C1DBCC82300194603 /* UIResponder+TPCategory.m */; };
		847635B11DBCC82300194603 /* UITextField+TPCategory.m in Sources */ = {isa = PBXBuildFile; fileRef = 8476359E1DBCC82300194603 /* UITextField+TPCategory.m */; };
		847635B21DBCC82300194603 /* UITextView+Placeholder.m in Sources */ = {isa = PBXBuildFile; fileRef = 847635A01DBCC82300194603 /* UITextView+Placeholder.m */; };
		847635B31DBCC82300194603 /* UIView+FRCategory.m in Sources */ = {isa = PBXBuildFile; fileRef = 847635A21DBCC82300194603 /* UIView+FRCategory.m */; };
		847635B41DBCC82300194603 /* UIView+MBIBnspectable.m in Sources */ = {isa = PBXBuildFile; fileRef = 847635A41DBCC82300194603 /* UIView+MBIBnspectable.m */; };
		C998BFA91DB3A3E900F46F50 /* BC_ToolRequest.m in Sources */ = {isa = PBXBuildFile; fileRef = C998BFA81DB3A3E900F46F50 /* BC_ToolRequest.m */; };
		C9DB04071DB2586100F1D87A /* main.m in Sources */ = {isa = PBXBuildFile; fileRef = C9DB04061DB2586100F1D87A /* main.m */; };
		C9DB040A1DB2586100F1D87A /* AppDelegate.m in Sources */ = {isa = PBXBuildFile; fileRef = C9DB04091DB2586100F1D87A /* AppDelegate.m */; };
		C9DB040D1DB2586100F1D87A /* ViewController.m in Sources */ = {isa = PBXBuildFile; fileRef = C9DB040C1DB2586100F1D87A /* ViewController.m */; };
		C9DB04101DB2586100F1D87A /* Main.storyboard in Resources */ = {isa = PBXBuildFile; fileRef = C9DB040E1DB2586100F1D87A /* Main.storyboard */; };
		C9DB04121DB2586100F1D87A /* Assets.xcassets in Resources */ = {isa = PBXBuildFile; fileRef = C9DB04111DB2586100F1D87A /* Assets.xcassets */; };
		C9DB04151DB2586100F1D87A /* LaunchScreen.storyboard in Resources */ = {isa = PBXBuildFile; fileRef = C9DB04131DB2586100F1D87A /* LaunchScreen.storyboard */; };
		C9DB04201DB2586100F1D87A /* BN_BaseKitTests.m in Sources */ = {isa = PBXBuildFile; fileRef = C9DB041F1DB2586100F1D87A /* BN_BaseKitTests.m */; };
		C9DB042B1DB2586100F1D87A /* BN_BaseKitUITests.m in Sources */ = {isa = PBXBuildFile; fileRef = C9DB042A1DB2586100F1D87A /* BN_BaseKitUITests.m */; };
		C9DB047D1DB258BD00F1D87A /* Base_BaseViewController.m in Sources */ = {isa = PBXBuildFile; fileRef = C9DB04581DB258BD00F1D87A /* Base_BaseViewController.m */; };
		C9DB047E1DB258BD00F1D87A /* Base_UITabBarBaseController.m in Sources */ = {isa = PBXBuildFile; fileRef = C9DB045A1DB258BD00F1D87A /* Base_UITabBarBaseController.m */; };
		C9DB047F1DB258BD00F1D87A /* Base_ControlsFactory.m in Sources */ = {isa = PBXBuildFile; fileRef = C9DB045F1DB258BD00F1D87A /* Base_ControlsFactory.m */; };
		C9DB04801DB258BD00F1D87A /* Base_Utils.m in Sources */ = {isa = PBXBuildFile; fileRef = C9DB04611DB258BD00F1D87A /* Base_Utils.m */; };
		C9DB04811DB258BD00F1D87A /* QJTL_ImageData.xcassets in Resources */ = {isa = PBXBuildFile; fileRef = C9DB04621DB258BD00F1D87A /* QJTL_ImageData.xcassets */; };
		C9DB04821DB258BD00F1D87A /* UITableView+FDIndexPathHeightCache.m in Sources */ = {isa = PBXBuildFile; fileRef = C9DB04691DB258BD00F1D87A /* UITableView+FDIndexPathHeightCache.m */; };
		C9DB04831DB258BD00F1D87A /* UITableView+FDKeyedHeightCache.m in Sources */ = {isa = PBXBuildFile; fileRef = C9DB046B1DB258BD00F1D87A /* UITableView+FDKeyedHeightCache.m */; };
		C9DB04841DB258BD00F1D87A /* UITableView+FDTemplateLayoutCell.m in Sources */ = {isa = PBXBuildFile; fileRef = C9DB046D1DB258BD00F1D87A /* UITableView+FDTemplateLayoutCell.m */; };
		C9DB04851DB258BD00F1D87A /* UITableView+FDTemplateLayoutCellDebug.m in Sources */ = {isa = PBXBuildFile; fileRef = C9DB046F1DB258BD00F1D87A /* UITableView+FDTemplateLayoutCellDebug.m */; };
/* End PBXBuildFile section */

/* Begin PBXContainerItemProxy section */
		C9DB041C1DB2586100F1D87A /* PBXContainerItemProxy */ = {
			isa = PBXContainerItemProxy;
			containerPortal = C9DB03FA1DB2586100F1D87A /* Project object */;
			proxyType = 1;
			remoteGlobalIDString = C9DB04011DB2586100F1D87A;
			remoteInfo = BN_BaseKit;
		};
		C9DB04271DB2586100F1D87A /* PBXContainerItemProxy */ = {
			isa = PBXContainerItemProxy;
			containerPortal = C9DB03FA1DB2586100F1D87A /* Project object */;
			proxyType = 1;
			remoteGlobalIDString = C9DB04011DB2586100F1D87A;
			remoteInfo = BN_BaseKit;
		};
/* End PBXContainerItemProxy section */

/* Begin PBXFileReference section */
		847635851DBCC82300194603 /* CALayer+TPCategory.h */ = {isa = PBXFileReference; fileEncoding = 4; lastKnownFileType = sourcecode.c.h; path = "CALayer+TPCategory.h"; sourceTree = "<group>"; };
		847635861DBCC82300194603 /* CALayer+TPCategory.m */ = {isa = PBXFileReference; fileEncoding = 4; lastKnownFileType = sourcecode.c.objc; path = "CALayer+TPCategory.m"; sourceTree = "<group>"; };
		847635871DBCC82300194603 /* NSArray+TPCategory.h */ = {isa = PBXFileReference; fileEncoding = 4; lastKnownFileType = sourcecode.c.h; path = "NSArray+TPCategory.h"; sourceTree = "<group>"; };
		847635881DBCC82300194603 /* NSArray+TPCategory.m */ = {isa = PBXFileReference; fileEncoding = 4; lastKnownFileType = sourcecode.c.objc; path = "NSArray+TPCategory.m"; sourceTree = "<group>"; };
		847635891DBCC82300194603 /* NSData+TPCategory.h */ = {isa = PBXFileReference; fileEncoding = 4; lastKnownFileType = sourcecode.c.h; path = "NSData+TPCategory.h"; sourceTree = "<group>"; };
		8476358A1DBCC82300194603 /* NSData+TPCategory.m */ = {isa = PBXFileReference; fileEncoding = 4; lastKnownFileType = sourcecode.c.objc; path = "NSData+TPCategory.m"; sourceTree = "<group>"; };
		8476358B1DBCC82300194603 /* NSDate+PoohCategory.h */ = {isa = PBXFileReference; fileEncoding = 4; lastKnownFileType = sourcecode.c.h; path = "NSDate+PoohCategory.h"; sourceTree = "<group>"; };
		8476358C1DBCC82300194603 /* NSDate+PoohCategory.m */ = {isa = PBXFileReference; fileEncoding = 4; lastKnownFileType = sourcecode.c.objc; path = "NSDate+PoohCategory.m"; sourceTree = "<group>"; };
		8476358D1DBCC82300194603 /* NSDate+TPCategory.h */ = {isa = PBXFileReference; fileEncoding = 4; lastKnownFileType = sourcecode.c.h; path = "NSDate+TPCategory.h"; sourceTree = "<group>"; };
		8476358E1DBCC82300194603 /* NSDate+TPCategory.m */ = {isa = PBXFileReference; fileEncoding = 4; lastKnownFileType = sourcecode.c.objc; path = "NSDate+TPCategory.m"; sourceTree = "<group>"; };
		8476358F1DBCC82300194603 /* NSDateFormatter+PoohCategory.h */ = {isa = PBXFileReference; fileEncoding = 4; lastKnownFileType = sourcecode.c.h; path = "NSDateFormatter+PoohCategory.h"; sourceTree = "<group>"; };
		847635901DBCC82300194603 /* NSDateFormatter+PoohCategory.m */ = {isa = PBXFileReference; fileEncoding = 4; lastKnownFileType = sourcecode.c.objc; path = "NSDateFormatter+PoohCategory.m"; sourceTree = "<group>"; };
		847635911DBCC82300194603 /* NSString+TPCategory.h */ = {isa = PBXFileReference; fileEncoding = 4; lastKnownFileType = sourcecode.c.h; path = "NSString+TPCategory.h"; sourceTree = "<group>"; };
		847635921DBCC82300194603 /* NSString+TPCategory.m */ = {isa = PBXFileReference; fileEncoding = 4; lastKnownFileType = sourcecode.c.objc; path = "NSString+TPCategory.m"; sourceTree = "<group>"; };
		847635931DBCC82300194603 /* UIButton+TPCategory.h */ = {isa = PBXFileReference; fileEncoding = 4; lastKnownFileType = sourcecode.c.h; path = "UIButton+TPCategory.h"; sourceTree = "<group>"; };
		847635941DBCC82300194603 /* UIButton+TPCategory.m */ = {isa = PBXFileReference; fileEncoding = 4; lastKnownFileType = sourcecode.c.objc; path = "UIButton+TPCategory.m"; sourceTree = "<group>"; };
		847635951DBCC82300194603 /* UIImage+TPCategory.h */ = {isa = PBXFileReference; fileEncoding = 4; lastKnownFileType = sourcecode.c.h; path = "UIImage+TPCategory.h"; sourceTree = "<group>"; };
		847635961DBCC82300194603 /* UIImage+TPCategory.m */ = {isa = PBXFileReference; fileEncoding = 4; lastKnownFileType = sourcecode.c.objc; path = "UIImage+TPCategory.m"; sourceTree = "<group>"; };
		847635971DBCC82300194603 /* UILabel+TPCategory.h */ = {isa = PBXFileReference; fileEncoding = 4; lastKnownFileType = sourcecode.c.h; path = "UILabel+TPCategory.h"; sourceTree = "<group>"; };
		847635981DBCC82300194603 /* UILabel+TPCategory.m */ = {isa = PBXFileReference; fileEncoding = 4; lastKnownFileType = sourcecode.c.objc; path = "UILabel+TPCategory.m"; sourceTree = "<group>"; };
		847635991DBCC82300194603 /* UINavigationBar+Awesome.h */ = {isa = PBXFileReference; fileEncoding = 4; lastKnownFileType = sourcecode.c.h; path = "UINavigationBar+Awesome.h"; sourceTree = "<group>"; };
		8476359A1DBCC82300194603 /* UINavigationBar+Awesome.m */ = {isa = PBXFileReference; fileEncoding = 4; lastKnownFileType = sourcecode.c.objc; path = "UINavigationBar+Awesome.m"; sourceTree = "<group>"; };
		8476359B1DBCC82300194603 /* UIResponder+TPCategory.h */ = {isa = PBXFileReference; fileEncoding = 4; lastKnownFileType = sourcecode.c.h; path = "UIResponder+TPCategory.h"; sourceTree = "<group>"; };
		8476359C1DBCC82300194603 /* UIResponder+TPCategory.m */ = {isa = PBXFileReference; fileEncoding = 4; lastKnownFileType = sourcecode.c.objc; path = "UIResponder+TPCategory.m"; sourceTree = "<group>"; };
		8476359D1DBCC82300194603 /* UITextField+TPCategory.h */ = {isa = PBXFileReference; fileEncoding = 4; lastKnownFileType = sourcecode.c.h; path = "UITextField+TPCategory.h"; sourceTree = "<group>"; };
		8476359E1DBCC82300194603 /* UITextField+TPCategory.m */ = {isa = PBXFileReference; fileEncoding = 4; lastKnownFileType = sourcecode.c.objc; path = "UITextField+TPCategory.m"; sourceTree = "<group>"; };
		8476359F1DBCC82300194603 /* UITextView+Placeholder.h */ = {isa = PBXFileReference; fileEncoding = 4; lastKnownFileType = sourcecode.c.h; path = "UITextView+Placeholder.h"; sourceTree = "<group>"; };
		847635A01DBCC82300194603 /* UITextView+Placeholder.m */ = {isa = PBXFileReference; fileEncoding = 4; lastKnownFileType = sourcecode.c.objc; path = "UITextView+Placeholder.m"; sourceTree = "<group>"; };
		847635A11DBCC82300194603 /* UIView+FRCategory.h */ = {isa = PBXFileReference; fileEncoding = 4; lastKnownFileType = sourcecode.c.h; path = "UIView+FRCategory.h"; sourceTree = "<group>"; };
		847635A21DBCC82300194603 /* UIView+FRCategory.m */ = {isa = PBXFileReference; fileEncoding = 4; lastKnownFileType = sourcecode.c.objc; path = "UIView+FRCategory.m"; sourceTree = "<group>"; };
		847635A31DBCC82300194603 /* UIView+MBIBnspectable.h */ = {isa = PBXFileReference; fileEncoding = 4; lastKnownFileType = sourcecode.c.h; path = "UIView+MBIBnspectable.h"; sourceTree = "<group>"; };
		847635A41DBCC82300194603 /* UIView+MBIBnspectable.m */ = {isa = PBXFileReference; fileEncoding = 4; lastKnownFileType = sourcecode.c.objc; path = "UIView+MBIBnspectable.m"; sourceTree = "<group>"; };
		C998BFA71DB3A3E900F46F50 /* BC_ToolRequest.h */ = {isa = PBXFileReference; fileEncoding = 4; lastKnownFileType = sourcecode.c.h; path = BC_ToolRequest.h; sourceTree = "<group>"; };
		C998BFA81DB3A3E900F46F50 /* BC_ToolRequest.m */ = {isa = PBXFileReference; fileEncoding = 4; lastKnownFileType = sourcecode.c.objc; path = BC_ToolRequest.m; sourceTree = "<group>"; };
		C9DB04021DB2586100F1D87A /* BN_BaseKit.app */ = {isa = PBXFileReference; explicitFileType = wrapper.application; includeInIndex = 0; path = BN_BaseKit.app; sourceTree = BUILT_PRODUCTS_DIR; };
		C9DB04061DB2586100F1D87A /* main.m */ = {isa = PBXFileReference; lastKnownFileType = sourcecode.c.objc; path = main.m; sourceTree = "<group>"; };
		C9DB04081DB2586100F1D87A /* AppDelegate.h */ = {isa = PBXFileReference; lastKnownFileType = sourcecode.c.h; path = AppDelegate.h; sourceTree = "<group>"; };
		C9DB04091DB2586100F1D87A /* AppDelegate.m */ = {isa = PBXFileReference; lastKnownFileType = sourcecode.c.objc; path = AppDelegate.m; sourceTree = "<group>"; };
		C9DB040B1DB2586100F1D87A /* ViewController.h */ = {isa = PBXFileReference; lastKnownFileType = sourcecode.c.h; path = ViewController.h; sourceTree = "<group>"; };
		C9DB040C1DB2586100F1D87A /* ViewController.m */ = {isa = PBXFileReference; lastKnownFileType = sourcecode.c.objc; path = ViewController.m; sourceTree = "<group>"; };
		C9DB040F1DB2586100F1D87A /* Base */ = {isa = PBXFileReference; lastKnownFileType = file.storyboard; name = Base; path = Base.lproj/Main.storyboard; sourceTree = "<group>"; };
		C9DB04111DB2586100F1D87A /* Assets.xcassets */ = {isa = PBXFileReference; lastKnownFileType = folder.assetcatalog; path = Assets.xcassets; sourceTree = "<group>"; };
		C9DB04141DB2586100F1D87A /* Base */ = {isa = PBXFileReference; lastKnownFileType = file.storyboard; name = Base; path = Base.lproj/LaunchScreen.storyboard; sourceTree = "<group>"; };
		C9DB04161DB2586100F1D87A /* Info.plist */ = {isa = PBXFileReference; lastKnownFileType = text.plist.xml; path = Info.plist; sourceTree = "<group>"; };
		C9DB041B1DB2586100F1D87A /* BN_BaseKitTests.xctest */ = {isa = PBXFileReference; explicitFileType = wrapper.cfbundle; includeInIndex = 0; path = BN_BaseKitTests.xctest; sourceTree = BUILT_PRODUCTS_DIR; };
		C9DB041F1DB2586100F1D87A /* BN_BaseKitTests.m */ = {isa = PBXFileReference; lastKnownFileType = sourcecode.c.objc; path = BN_BaseKitTests.m; sourceTree = "<group>"; };
		C9DB04211DB2586100F1D87A /* Info.plist */ = {isa = PBXFileReference; lastKnownFileType = text.plist.xml; path = Info.plist; sourceTree = "<group>"; };
		C9DB04261DB2586100F1D87A /* BN_BaseKitUITests.xctest */ = {isa = PBXFileReference; explicitFileType = wrapper.cfbundle; includeInIndex = 0; path = BN_BaseKitUITests.xctest; sourceTree = BUILT_PRODUCTS_DIR; };
		C9DB042A1DB2586100F1D87A /* BN_BaseKitUITests.m */ = {isa = PBXFileReference; lastKnownFileType = sourcecode.c.objc; path = BN_BaseKitUITests.m; sourceTree = "<group>"; };
		C9DB042C1DB2586100F1D87A /* Info.plist */ = {isa = PBXFileReference; lastKnownFileType = text.plist.xml; path = Info.plist; sourceTree = "<group>"; };
		C9DB04571DB258BD00F1D87A /* Base_BaseViewController.h */ = {isa = PBXFileReference; fileEncoding = 4; lastKnownFileType = sourcecode.c.h; path = Base_BaseViewController.h; sourceTree = "<group>"; };
		C9DB04581DB258BD00F1D87A /* Base_BaseViewController.m */ = {isa = PBXFileReference; fileEncoding = 4; lastKnownFileType = sourcecode.c.objc; path = Base_BaseViewController.m; sourceTree = "<group>"; };
		C9DB04591DB258BD00F1D87A /* Base_UITabBarBaseController.h */ = {isa = PBXFileReference; fileEncoding = 4; lastKnownFileType = sourcecode.c.h; path = Base_UITabBarBaseController.h; sourceTree = "<group>"; };
		C9DB045A1DB258BD00F1D87A /* Base_UITabBarBaseController.m */ = {isa = PBXFileReference; fileEncoding = 4; lastKnownFileType = sourcecode.c.objc; path = Base_UITabBarBaseController.m; sourceTree = "<group>"; };
		C9DB045C1DB258BD00F1D87A /* ARCMacros.h */ = {isa = PBXFileReference; fileEncoding = 4; lastKnownFileType = sourcecode.c.h; path = ARCMacros.h; sourceTree = "<group>"; };
		C9DB045D1DB258BD00F1D87A /* Base_Common.h */ = {isa = PBXFileReference; fileEncoding = 4; lastKnownFileType = sourcecode.c.h; path = Base_Common.h; sourceTree = "<group>"; };
		C9DB045E1DB258BD00F1D87A /* Base_ControlsFactory.h */ = {isa = PBXFileReference; fileEncoding = 4; lastKnownFileType = sourcecode.c.h; path = Base_ControlsFactory.h; sourceTree = "<group>"; };
		C9DB045F1DB258BD00F1D87A /* Base_ControlsFactory.m */ = {isa = PBXFileReference; fileEncoding = 4; lastKnownFileType = sourcecode.c.objc; path = Base_ControlsFactory.m; sourceTree = "<group>"; };
		C9DB04601DB258BD00F1D87A /* Base_Utils.h */ = {isa = PBXFileReference; fileEncoding = 4; lastKnownFileType = sourcecode.c.h; path = Base_Utils.h; sourceTree = "<group>"; };
		C9DB04611DB258BD00F1D87A /* Base_Utils.m */ = {isa = PBXFileReference; fileEncoding = 4; lastKnownFileType = sourcecode.c.objc; path = Base_Utils.m; sourceTree = "<group>"; };
		C9DB04621DB258BD00F1D87A /* QJTL_ImageData.xcassets */ = {isa = PBXFileReference; lastKnownFileType = folder.assetcatalog; path = QJTL_ImageData.xcassets; sourceTree = "<group>"; };
		C9DB04631DB258BD00F1D87A /* QJTL_Global.h */ = {isa = PBXFileReference; fileEncoding = 4; lastKnownFileType = sourcecode.c.h; path = QJTL_Global.h; sourceTree = "<group>"; };
		C9DB04681DB258BD00F1D87A /* UITableView+FDIndexPathHeightCache.h */ = {isa = PBXFileReference; fileEncoding = 4; lastKnownFileType = sourcecode.c.h; path = "UITableView+FDIndexPathHeightCache.h"; sourceTree = "<group>"; };
		C9DB04691DB258BD00F1D87A /* UITableView+FDIndexPathHeightCache.m */ = {isa = PBXFileReference; fileEncoding = 4; lastKnownFileType = sourcecode.c.objc; path = "UITableView+FDIndexPathHeightCache.m"; sourceTree = "<group>"; };
		C9DB046A1DB258BD00F1D87A /* UITableView+FDKeyedHeightCache.h */ = {isa = PBXFileReference; fileEncoding = 4; lastKnownFileType = sourcecode.c.h; path = "UITableView+FDKeyedHeightCache.h"; sourceTree = "<group>"; };
		C9DB046B1DB258BD00F1D87A /* UITableView+FDKeyedHeightCache.m */ = {isa = PBXFileReference; fileEncoding = 4; lastKnownFileType = sourcecode.c.objc; path = "UITableView+FDKeyedHeightCache.m"; sourceTree = "<group>"; };
		C9DB046C1DB258BD00F1D87A /* UITableView+FDTemplateLayoutCell.h */ = {isa = PBXFileReference; fileEncoding = 4; lastKnownFileType = sourcecode.c.h; path = "UITableView+FDTemplateLayoutCell.h"; sourceTree = "<group>"; };
		C9DB046D1DB258BD00F1D87A /* UITableView+FDTemplateLayoutCell.m */ = {isa = PBXFileReference; fileEncoding = 4; lastKnownFileType = sourcecode.c.objc; path = "UITableView+FDTemplateLayoutCell.m"; sourceTree = "<group>"; };
		C9DB046E1DB258BD00F1D87A /* UITableView+FDTemplateLayoutCellDebug.h */ = {isa = PBXFileReference; fileEncoding = 4; lastKnownFileType = sourcecode.c.h; path = "UITableView+FDTemplateLayoutCellDebug.h"; sourceTree = "<group>"; };
		C9DB046F1DB258BD00F1D87A /* UITableView+FDTemplateLayoutCellDebug.m */ = {isa = PBXFileReference; fileEncoding = 4; lastKnownFileType = sourcecode.c.objc; path = "UITableView+FDTemplateLayoutCellDebug.m"; sourceTree = "<group>"; };
		E73F5CEABF62746C7D78FB1D /* libPods-BN_BaseKit.a */ = {isa = PBXFileReference; explicitFileType = archive.ar; includeInIndex = 0; path = "libPods-BN_BaseKit.a"; sourceTree = BUILT_PRODUCTS_DIR; };
		EAFDA6188D66585D3E87D592 /* Pods-BN_BaseKit.debug.xcconfig */ = {isa = PBXFileReference; includeInIndex = 1; lastKnownFileType = text.xcconfig; name = "Pods-BN_BaseKit.debug.xcconfig"; path = "Pods/Target Support Files/Pods-BN_BaseKit/Pods-BN_BaseKit.debug.xcconfig"; sourceTree = "<group>"; };
		EBEC046F409E0F1698A54C82 /* Pods-BN_BaseKit.release.xcconfig */ = {isa = PBXFileReference; includeInIndex = 1; lastKnownFileType = text.xcconfig; name = "Pods-BN_BaseKit.release.xcconfig"; path = "Pods/Target Support Files/Pods-BN_BaseKit/Pods-BN_BaseKit.release.xcconfig"; sourceTree = "<group>"; };
/* End PBXFileReference section */

/* Begin PBXFrameworksBuildPhase section */
		C9DB03FF1DB2586100F1D87A /* Frameworks */ = {
			isa = PBXFrameworksBuildPhase;
			buildActionMask = 2147483647;
			files = (
				23E6097BBE9F87868EA719F1 /* libPods-BN_BaseKit.a in Frameworks */,
			);
			runOnlyForDeploymentPostprocessing = 0;
		};
		C9DB04181DB2586100F1D87A /* Frameworks */ = {
			isa = PBXFrameworksBuildPhase;
			buildActionMask = 2147483647;
			files = (
			);
			runOnlyForDeploymentPostprocessing = 0;
		};
		C9DB04231DB2586100F1D87A /* Frameworks */ = {
			isa = PBXFrameworksBuildPhase;
			buildActionMask = 2147483647;
			files = (
			);
			runOnlyForDeploymentPostprocessing = 0;
		};
/* End PBXFrameworksBuildPhase section */

/* Begin PBXGroup section */
		382515CB17259EA4E85F0329 /* Frameworks */ = {
			isa = PBXGroup;
			children = (
				E73F5CEABF62746C7D78FB1D /* libPods-BN_BaseKit.a */,
			);
			name = Frameworks;
			sourceTree = "<group>";
		};
		70D815AD934820410540682A /* Pods */ = {
			isa = PBXGroup;
			children = (
				EAFDA6188D66585D3E87D592 /* Pods-BN_BaseKit.debug.xcconfig */,
				EBEC046F409E0F1698A54C82 /* Pods-BN_BaseKit.release.xcconfig */,
			);
			name = Pods;
			sourceTree = "<group>";
		};
		847635841DBCC82300194603 /* CustomCategory */ = {
			isa = PBXGroup;
			children = (
				847635851DBCC82300194603 /* CALayer+TPCategory.h */,
				847635861DBCC82300194603 /* CALayer+TPCategory.m */,
				847635871DBCC82300194603 /* NSArray+TPCategory.h */,
				847635881DBCC82300194603 /* NSArray+TPCategory.m */,
				847635891DBCC82300194603 /* NSData+TPCategory.h */,
				8476358A1DBCC82300194603 /* NSData+TPCategory.m */,
				8476358B1DBCC82300194603 /* NSDate+PoohCategory.h */,
				8476358C1DBCC82300194603 /* NSDate+PoohCategory.m */,
				8476358D1DBCC82300194603 /* NSDate+TPCategory.h */,
				8476358E1DBCC82300194603 /* NSDate+TPCategory.m */,
				8476358F1DBCC82300194603 /* NSDateFormatter+PoohCategory.h */,
				847635901DBCC82300194603 /* NSDateFormatter+PoohCategory.m */,
				847635911DBCC82300194603 /* NSString+TPCategory.h */,
				847635921DBCC82300194603 /* NSString+TPCategory.m */,
				847635931DBCC82300194603 /* UIButton+TPCategory.h */,
				847635941DBCC82300194603 /* UIButton+TPCategory.m */,
				847635951DBCC82300194603 /* UIImage+TPCategory.h */,
				847635961DBCC82300194603 /* UIImage+TPCategory.m */,
				847635971DBCC82300194603 /* UILabel+TPCategory.h */,
				847635981DBCC82300194603 /* UILabel+TPCategory.m */,
				847635991DBCC82300194603 /* UINavigationBar+Awesome.h */,
				8476359A1DBCC82300194603 /* UINavigationBar+Awesome.m */,
				8476359B1DBCC82300194603 /* UIResponder+TPCategory.h */,
				8476359C1DBCC82300194603 /* UIResponder+TPCategory.m */,
				8476359D1DBCC82300194603 /* UITextField+TPCategory.h */,
				8476359E1DBCC82300194603 /* UITextField+TPCategory.m */,
				8476359F1DBCC82300194603 /* UITextView+Placeholder.h */,
				847635A01DBCC82300194603 /* UITextView+Placeholder.m */,
				847635A11DBCC82300194603 /* UIView+FRCategory.h */,
				847635A21DBCC82300194603 /* UIView+FRCategory.m */,
				847635A31DBCC82300194603 /* UIView+MBIBnspectable.h */,
				847635A41DBCC82300194603 /* UIView+MBIBnspectable.m */,
			);
			path = CustomCategory;
			sourceTree = "<group>";
		};
		C998BFA61DB3A39800F46F50 /* BC_NetworkRequest */ = {
			isa = PBXGroup;
			children = (
				C998BFA71DB3A3E900F46F50 /* BC_ToolRequest.h */,
				C998BFA81DB3A3E900F46F50 /* BC_ToolRequest.m */,
			);
			path = BC_NetworkRequest;
			sourceTree = "<group>";
		};
		C9DB03F91DB2586100F1D87A = {
			isa = PBXGroup;
			children = (
				C9DB04381DB258BD00F1D87A /* CommonFiles_BaseCode */,
				C9DB04041DB2586100F1D87A /* BN_BaseKit */,
				C9DB041E1DB2586100F1D87A /* BN_BaseKitTests */,
				C9DB04291DB2586100F1D87A /* BN_BaseKitUITests */,
				C9DB04031DB2586100F1D87A /* Products */,
				70D815AD934820410540682A /* Pods */,
				382515CB17259EA4E85F0329 /* Frameworks */,
			);
			sourceTree = "<group>";
		};
		C9DB04031DB2586100F1D87A /* Products */ = {
			isa = PBXGroup;
			children = (
				C9DB04021DB2586100F1D87A /* BN_BaseKit.app */,
				C9DB041B1DB2586100F1D87A /* BN_BaseKitTests.xctest */,
				C9DB04261DB2586100F1D87A /* BN_BaseKitUITests.xctest */,
			);
			name = Products;
			sourceTree = "<group>";
		};
		C9DB04041DB2586100F1D87A /* BN_BaseKit */ = {
			isa = PBXGroup;
			children = (
				C9DB04081DB2586100F1D87A /* AppDelegate.h */,
				C9DB04091DB2586100F1D87A /* AppDelegate.m */,
				C9DB040B1DB2586100F1D87A /* ViewController.h */,
				C9DB040C1DB2586100F1D87A /* ViewController.m */,
				C9DB040E1DB2586100F1D87A /* Main.storyboard */,
				C9DB04111DB2586100F1D87A /* Assets.xcassets */,
				C9DB04131DB2586100F1D87A /* LaunchScreen.storyboard */,
				C9DB04161DB2586100F1D87A /* Info.plist */,
				C9DB04051DB2586100F1D87A /* Supporting Files */,
			);
			path = BN_BaseKit;
			sourceTree = "<group>";
		};
		C9DB04051DB2586100F1D87A /* Supporting Files */ = {
			isa = PBXGroup;
			children = (
				C9DB04061DB2586100F1D87A /* main.m */,
			);
			name = "Supporting Files";
			sourceTree = "<group>";
		};
		C9DB041E1DB2586100F1D87A /* BN_BaseKitTests */ = {
			isa = PBXGroup;
			children = (
				C9DB041F1DB2586100F1D87A /* BN_BaseKitTests.m */,
				C9DB04211DB2586100F1D87A /* Info.plist */,
			);
			path = BN_BaseKitTests;
			sourceTree = "<group>";
		};
		C9DB04291DB2586100F1D87A /* BN_BaseKitUITests */ = {
			isa = PBXGroup;
			children = (
				C9DB042A1DB2586100F1D87A /* BN_BaseKitUITests.m */,
				C9DB042C1DB2586100F1D87A /* Info.plist */,
			);
			path = BN_BaseKitUITests;
			sourceTree = "<group>";
		};
		C9DB04381DB258BD00F1D87A /* CommonFiles_BaseCode */ = {
			isa = PBXGroup;
			children = (
				C998BFA61DB3A39800F46F50 /* BC_NetworkRequest */,
				C9DB04391DB258BD00F1D87A /* BC_Database */,
				C9DB043A1DB258BD00F1D87A /* BC_GlobalCode */,
				C9DB04641DB258BD00F1D87A /* BC_Image */,
				C9DB04661DB258BD00F1D87A /* BC_PublicControls */,
			);
			path = CommonFiles_BaseCode;
			sourceTree = "<group>";
		};
		C9DB04391DB258BD00F1D87A /* BC_Database */ = {
			isa = PBXGroup;
			children = (
			);
			path = BC_Database;
			sourceTree = "<group>";
		};
		C9DB043A1DB258BD00F1D87A /* BC_GlobalCode */ = {
			isa = PBXGroup;
			children = (
				847635841DBCC82300194603 /* CustomCategory */,
				C9DB04561DB258BD00F1D87A /* CustomController */,
				C9DB045B1DB258BD00F1D87A /* CustomGlobal */,
				C9DB04631DB258BD00F1D87A /* QJTL_Global.h */,
			);
			path = BC_GlobalCode;
			sourceTree = "<group>";
		};
		C9DB04561DB258BD00F1D87A /* CustomController */ = {
			isa = PBXGroup;
			children = (
				C9DB04571DB258BD00F1D87A /* Base_BaseViewController.h */,
				C9DB04581DB258BD00F1D87A /* Base_BaseViewController.m */,
				C9DB04591DB258BD00F1D87A /* Base_UITabBarBaseController.h */,
				C9DB045A1DB258BD00F1D87A /* Base_UITabBarBaseController.m */,
			);
			path = CustomController;
			sourceTree = "<group>";
		};
		C9DB045B1DB258BD00F1D87A /* CustomGlobal */ = {
			isa = PBXGroup;
			children = (
				C9DB045C1DB258BD00F1D87A /* ARCMacros.h */,
				C9DB045D1DB258BD00F1D87A /* Base_Common.h */,
				C9DB045E1DB258BD00F1D87A /* Base_ControlsFactory.h */,
				C9DB045F1DB258BD00F1D87A /* Base_ControlsFactory.m */,
				C9DB04601DB258BD00F1D87A /* Base_Utils.h */,
				C9DB04611DB258BD00F1D87A /* Base_Utils.m */,
				C9DB04621DB258BD00F1D87A /* QJTL_ImageData.xcassets */,
			);
			path = CustomGlobal;
			sourceTree = "<group>";
		};
		C9DB04641DB258BD00F1D87A /* BC_Image */ = {
			isa = PBXGroup;
			children = (
			);
			path = BC_Image;
			sourceTree = "<group>";
		};
		C9DB04661DB258BD00F1D87A /* BC_PublicControls */ = {
			isa = PBXGroup;
			children = (
				C9DB04671DB258BD00F1D87A /* FDTemplateLayoutCell */,
			);
			path = BC_PublicControls;
			sourceTree = "<group>";
		};
		C9DB04671DB258BD00F1D87A /* FDTemplateLayoutCell */ = {
			isa = PBXGroup;
			children = (
				C9DB04681DB258BD00F1D87A /* UITableView+FDIndexPathHeightCache.h */,
				C9DB04691DB258BD00F1D87A /* UITableView+FDIndexPathHeightCache.m */,
				C9DB046A1DB258BD00F1D87A /* UITableView+FDKeyedHeightCache.h */,
				C9DB046B1DB258BD00F1D87A /* UITableView+FDKeyedHeightCache.m */,
				C9DB046C1DB258BD00F1D87A /* UITableView+FDTemplateLayoutCell.h */,
				C9DB046D1DB258BD00F1D87A /* UITableView+FDTemplateLayoutCell.m */,
				C9DB046E1DB258BD00F1D87A /* UITableView+FDTemplateLayoutCellDebug.h */,
				C9DB046F1DB258BD00F1D87A /* UITableView+FDTemplateLayoutCellDebug.m */,
			);
			path = FDTemplateLayoutCell;
			sourceTree = "<group>";
		};
/* End PBXGroup section */

/* Begin PBXNativeTarget section */
		C9DB04011DB2586100F1D87A /* BN_BaseKit */ = {
			isa = PBXNativeTarget;
			buildConfigurationList = C9DB042F1DB2586100F1D87A /* Build configuration list for PBXNativeTarget "BN_BaseKit" */;
			buildPhases = (
				10741E990C562FF745B771D6 /* [CP] Check Pods Manifest.lock */,
				C9DB03FE1DB2586100F1D87A /* Sources */,
				C9DB03FF1DB2586100F1D87A /* Frameworks */,
				C9DB04001DB2586100F1D87A /* Resources */,
				02F765922A2C0A989E1CBF9F /* [CP] Embed Pods Frameworks */,
				27433A85B327DC5C76AFC81D /* [CP] Copy Pods Resources */,
			);
			buildRules = (
			);
			dependencies = (
			);
			name = BN_BaseKit;
			productName = BN_BaseKit;
			productReference = C9DB04021DB2586100F1D87A /* BN_BaseKit.app */;
			productType = "com.apple.product-type.application";
		};
		C9DB041A1DB2586100F1D87A /* BN_BaseKitTests */ = {
			isa = PBXNativeTarget;
			buildConfigurationList = C9DB04321DB2586100F1D87A /* Build configuration list for PBXNativeTarget "BN_BaseKitTests" */;
			buildPhases = (
				C9DB04171DB2586100F1D87A /* Sources */,
				C9DB04181DB2586100F1D87A /* Frameworks */,
				C9DB04191DB2586100F1D87A /* Resources */,
			);
			buildRules = (
			);
			dependencies = (
				C9DB041D1DB2586100F1D87A /* PBXTargetDependency */,
			);
			name = BN_BaseKitTests;
			productName = BN_BaseKitTests;
			productReference = C9DB041B1DB2586100F1D87A /* BN_BaseKitTests.xctest */;
			productType = "com.apple.product-type.bundle.unit-test";
		};
		C9DB04251DB2586100F1D87A /* BN_BaseKitUITests */ = {
			isa = PBXNativeTarget;
			buildConfigurationList = C9DB04351DB2586100F1D87A /* Build configuration list for PBXNativeTarget "BN_BaseKitUITests" */;
			buildPhases = (
				C9DB04221DB2586100F1D87A /* Sources */,
				C9DB04231DB2586100F1D87A /* Frameworks */,
				C9DB04241DB2586100F1D87A /* Resources */,
			);
			buildRules = (
			);
			dependencies = (
				C9DB04281DB2586100F1D87A /* PBXTargetDependency */,
			);
			name = BN_BaseKitUITests;
			productName = BN_BaseKitUITests;
			productReference = C9DB04261DB2586100F1D87A /* BN_BaseKitUITests.xctest */;
			productType = "com.apple.product-type.bundle.ui-testing";
		};
/* End PBXNativeTarget section */

/* Begin PBXProject section */
		C9DB03FA1DB2586100F1D87A /* Project object */ = {
			isa = PBXProject;
			attributes = {
				LastUpgradeCheck = 0800;
				ORGANIZATIONNAME = GL_RunMan;
				TargetAttributes = {
					C9DB04011DB2586100F1D87A = {
						CreatedOnToolsVersion = 8.0;
						ProvisioningStyle = Automatic;
					};
					C9DB041A1DB2586100F1D87A = {
						CreatedOnToolsVersion = 8.0;
						ProvisioningStyle = Automatic;
						TestTargetID = C9DB04011DB2586100F1D87A;
					};
					C9DB04251DB2586100F1D87A = {
						CreatedOnToolsVersion = 8.0;
						ProvisioningStyle = Automatic;
						TestTargetID = C9DB04011DB2586100F1D87A;
					};
				};
			};
			buildConfigurationList = C9DB03FD1DB2586100F1D87A /* Build configuration list for PBXProject "BN_BaseKit" */;
			compatibilityVersion = "Xcode 3.2";
			developmentRegion = English;
			hasScannedForEncodings = 0;
			knownRegions = (
				en,
				Base,
			);
			mainGroup = C9DB03F91DB2586100F1D87A;
			productRefGroup = C9DB04031DB2586100F1D87A /* Products */;
			projectDirPath = "";
			projectRoot = "";
			targets = (
				C9DB04011DB2586100F1D87A /* BN_BaseKit */,
				C9DB041A1DB2586100F1D87A /* BN_BaseKitTests */,
				C9DB04251DB2586100F1D87A /* BN_BaseKitUITests */,
			);
		};
/* End PBXProject section */

/* Begin PBXResourcesBuildPhase section */
		C9DB04001DB2586100F1D87A /* Resources */ = {
			isa = PBXResourcesBuildPhase;
			buildActionMask = 2147483647;
			files = (
				C9DB04151DB2586100F1D87A /* LaunchScreen.storyboard in Resources */,
				C9DB04121DB2586100F1D87A /* Assets.xcassets in Resources */,
				C9DB04811DB258BD00F1D87A /* QJTL_ImageData.xcassets in Resources */,
				C9DB04101DB2586100F1D87A /* Main.storyboard in Resources */,
			);
			runOnlyForDeploymentPostprocessing = 0;
		};
		C9DB04191DB2586100F1D87A /* Resources */ = {
			isa = PBXResourcesBuildPhase;
			buildActionMask = 2147483647;
			files = (
			);
			runOnlyForDeploymentPostprocessing = 0;
		};
		C9DB04241DB2586100F1D87A /* Resources */ = {
			isa = PBXResourcesBuildPhase;
			buildActionMask = 2147483647;
			files = (
			);
			runOnlyForDeploymentPostprocessing = 0;
		};
/* End PBXResourcesBuildPhase section */

/* Begin PBXShellScriptBuildPhase section */
		02F765922A2C0A989E1CBF9F /* [CP] Embed Pods Frameworks */ = {
			isa = PBXShellScriptBuildPhase;
			buildActionMask = 2147483647;
			files = (
			);
			inputPaths = (
			);
			name = "[CP] Embed Pods Frameworks";
			outputPaths = (
			);
			runOnlyForDeploymentPostprocessing = 0;
			shellPath = /bin/sh;
			shellScript = "\"${SRCROOT}/Pods/Target Support Files/Pods-BN_BaseKit/Pods-BN_BaseKit-frameworks.sh\"\n";
			showEnvVarsInLog = 0;
		};
		10741E990C562FF745B771D6 /* [CP] Check Pods Manifest.lock */ = {
			isa = PBXShellScriptBuildPhase;
			buildActionMask = 2147483647;
			files = (
			);
			inputPaths = (
			);
			name = "[CP] Check Pods Manifest.lock";
			outputPaths = (
			);
			runOnlyForDeploymentPostprocessing = 0;
			shellPath = /bin/sh;
			shellScript = "diff \"${PODS_ROOT}/../Podfile.lock\" \"${PODS_ROOT}/Manifest.lock\" > /dev/null\nif [ $? != 0 ] ; then\n    # print error to STDERR\n    echo \"error: The sandbox is not in sync with the Podfile.lock. Run 'pod install' or update your CocoaPods installation.\" >&2\n    exit 1\nfi\n";
			showEnvVarsInLog = 0;
		};
		27433A85B327DC5C76AFC81D /* [CP] Copy Pods Resources */ = {
			isa = PBXShellScriptBuildPhase;
			buildActionMask = 2147483647;
			files = (
			);
			inputPaths = (
			);
			name = "[CP] Copy Pods Resources";
			outputPaths = (
			);
			runOnlyForDeploymentPostprocessing = 0;
			shellPath = /bin/sh;
			shellScript = "\"${SRCROOT}/Pods/Target Support Files/Pods-BN_BaseKit/Pods-BN_BaseKit-resources.sh\"\n";
			showEnvVarsInLog = 0;
		};
/* End PBXShellScriptBuildPhase section */

/* Begin PBXSourcesBuildPhase section */
		C9DB03FE1DB2586100F1D87A /* Sources */ = {
			isa = PBXSourcesBuildPhase;
			buildActionMask = 2147483647;
			files = (
				C9DB040D1DB2586100F1D87A /* ViewController.m in Sources */,
				847635B21DBCC82300194603 /* UITextView+Placeholder.m in Sources */,
				847635B11DBCC82300194603 /* UITextField+TPCategory.m in Sources */,
				847635AD1DBCC82300194603 /* UIImage+TPCategory.m in Sources */,
				C9DB04831DB258BD00F1D87A /* UITableView+FDKeyedHeightCache.m in Sources */,
				847635A51DBCC82300194603 /* CALayer+TPCategory.m in Sources */,
				C9DB047D1DB258BD00F1D87A /* Base_BaseViewController.m in Sources */,
				847635A71DBCC82300194603 /* NSData+TPCategory.m in Sources */,
				847635AB1DBCC82300194603 /* NSString+TPCategory.m in Sources */,
				C9DB040A1DB2586100F1D87A /* AppDelegate.m in Sources */,
				C9DB04841DB258BD00F1D87A /* UITableView+FDTemplateLayoutCell.m in Sources */,
				C9DB047E1DB258BD00F1D87A /* Base_UITabBarBaseController.m in Sources */,
				847635AE1DBCC82300194603 /* UILabel+TPCategory.m in Sources */,
				C9DB04071DB2586100F1D87A /* main.m in Sources */,
				847635AA1DBCC82300194603 /* NSDateFormatter+PoohCategory.m in Sources */,
				847635B31DBCC82300194603 /* UIView+FRCategory.m in Sources */,
				847635A61DBCC82300194603 /* NSArray+TPCategory.m in Sources */,
				847635B41DBCC82300194603 /* UIView+MBIBnspectable.m in Sources */,
				C998BFA91DB3A3E900F46F50 /* BC_ToolRequest.m in Sources */,
				847635A91DBCC82300194603 /* NSDate+TPCategory.m in Sources */,
				847635B01DBCC82300194603 /* UIResponder+TPCategory.m in Sources */,
				C9DB04851DB258BD00F1D87A /* UITableView+FDTemplateLayoutCellDebug.m in Sources */,
				C9DB04821DB258BD00F1D87A /* UITableView+FDIndexPathHeightCache.m in Sources */,
				C9DB04801DB258BD00F1D87A /* Base_Utils.m in Sources */,
				847635A81DBCC82300194603 /* NSDate+PoohCategory.m in Sources */,
				C9DB047F1DB258BD00F1D87A /* Base_ControlsFactory.m in Sources */,
				847635AF1DBCC82300194603 /* UINavigationBar+Awesome.m in Sources */,
				847635AC1DBCC82300194603 /* UIButton+TPCategory.m in Sources */,
			);
			runOnlyForDeploymentPostprocessing = 0;
		};
		C9DB04171DB2586100F1D87A /* Sources */ = {
			isa = PBXSourcesBuildPhase;
			buildActionMask = 2147483647;
			files = (
				C9DB04201DB2586100F1D87A /* BN_BaseKitTests.m in Sources */,
			);
			runOnlyForDeploymentPostprocessing = 0;
		};
		C9DB04221DB2586100F1D87A /* Sources */ = {
			isa = PBXSourcesBuildPhase;
			buildActionMask = 2147483647;
			files = (
				C9DB042B1DB2586100F1D87A /* BN_BaseKitUITests.m in Sources */,
			);
			runOnlyForDeploymentPostprocessing = 0;
		};
/* End PBXSourcesBuildPhase section */

/* Begin PBXTargetDependency section */
		C9DB041D1DB2586100F1D87A /* PBXTargetDependency */ = {
			isa = PBXTargetDependency;
			target = C9DB04011DB2586100F1D87A /* BN_BaseKit */;
			targetProxy = C9DB041C1DB2586100F1D87A /* PBXContainerItemProxy */;
		};
		C9DB04281DB2586100F1D87A /* PBXTargetDependency */ = {
			isa = PBXTargetDependency;
			target = C9DB04011DB2586100F1D87A /* BN_BaseKit */;
			targetProxy = C9DB04271DB2586100F1D87A /* PBXContainerItemProxy */;
		};
/* End PBXTargetDependency section */

/* Begin PBXVariantGroup section */
		C9DB040E1DB2586100F1D87A /* Main.storyboard */ = {
			isa = PBXVariantGroup;
			children = (
				C9DB040F1DB2586100F1D87A /* Base */,
			);
			name = Main.storyboard;
			sourceTree = "<group>";
		};
		C9DB04131DB2586100F1D87A /* LaunchScreen.storyboard */ = {
			isa = PBXVariantGroup;
			children = (
				C9DB04141DB2586100F1D87A /* Base */,
			);
			name = LaunchScreen.storyboard;
			sourceTree = "<group>";
		};
/* End PBXVariantGroup section */

/* Begin XCBuildConfiguration section */
		C9DB042D1DB2586100F1D87A /* Debug */ = {
			isa = XCBuildConfiguration;
			buildSettings = {
				ALWAYS_SEARCH_USER_PATHS = NO;
				CLANG_ANALYZER_NONNULL = YES;
				CLANG_CXX_LANGUAGE_STANDARD = "gnu++0x";
				CLANG_CXX_LIBRARY = "libc++";
				CLANG_ENABLE_MODULES = YES;
				CLANG_ENABLE_OBJC_ARC = YES;
				CLANG_WARN_BOOL_CONVERSION = YES;
				CLANG_WARN_CONSTANT_CONVERSION = YES;
				CLANG_WARN_DIRECT_OBJC_ISA_USAGE = YES_ERROR;
				CLANG_WARN_DOCUMENTATION_COMMENTS = YES;
				CLANG_WARN_EMPTY_BODY = YES;
				CLANG_WARN_ENUM_CONVERSION = YES;
				CLANG_WARN_INFINITE_RECURSION = YES;
				CLANG_WARN_INT_CONVERSION = YES;
				CLANG_WARN_OBJC_ROOT_CLASS = YES_ERROR;
				CLANG_WARN_SUSPICIOUS_MOVES = YES;
				CLANG_WARN_UNREACHABLE_CODE = YES;
				CLANG_WARN__DUPLICATE_METHOD_MATCH = YES;
				"CODE_SIGN_IDENTITY[sdk=iphoneos*]" = "iPhone Developer";
				COPY_PHASE_STRIP = NO;
				DEBUG_INFORMATION_FORMAT = dwarf;
				ENABLE_STRICT_OBJC_MSGSEND = YES;
				ENABLE_TESTABILITY = YES;
				GCC_C_LANGUAGE_STANDARD = gnu99;
				GCC_DYNAMIC_NO_PIC = NO;
				GCC_NO_COMMON_BLOCKS = YES;
				GCC_OPTIMIZATION_LEVEL = 0;
				GCC_PREPROCESSOR_DEFINITIONS = (
					"DEBUG=1",
					"$(inherited)",
				);
				GCC_WARN_64_TO_32_BIT_CONVERSION = YES;
				GCC_WARN_ABOUT_RETURN_TYPE = YES_ERROR;
				GCC_WARN_UNDECLARED_SELECTOR = YES;
				GCC_WARN_UNINITIALIZED_AUTOS = YES_AGGRESSIVE;
				GCC_WARN_UNUSED_FUNCTION = YES;
				GCC_WARN_UNUSED_VARIABLE = YES;
				IPHONEOS_DEPLOYMENT_TARGET = 10.0;
				MTL_ENABLE_DEBUG_INFO = YES;
				ONLY_ACTIVE_ARCH = YES;
				SDKROOT = iphoneos;
			};
			name = Debug;
		};
		C9DB042E1DB2586100F1D87A /* Release */ = {
			isa = XCBuildConfiguration;
			buildSettings = {
				ALWAYS_SEARCH_USER_PATHS = NO;
				CLANG_ANALYZER_NONNULL = YES;
				CLANG_CXX_LANGUAGE_STANDARD = "gnu++0x";
				CLANG_CXX_LIBRARY = "libc++";
				CLANG_ENABLE_MODULES = YES;
				CLANG_ENABLE_OBJC_ARC = YES;
				CLANG_WARN_BOOL_CONVERSION = YES;
				CLANG_WARN_CONSTANT_CONVERSION = YES;
				CLANG_WARN_DIRECT_OBJC_ISA_USAGE = YES_ERROR;
				CLANG_WARN_DOCUMENTATION_COMMENTS = YES;
				CLANG_WARN_EMPTY_BODY = YES;
				CLANG_WARN_ENUM_CONVERSION = YES;
				CLANG_WARN_INFINITE_RECURSION = YES;
				CLANG_WARN_INT_CONVERSION = YES;
				CLANG_WARN_OBJC_ROOT_CLASS = YES_ERROR;
				CLANG_WARN_SUSPICIOUS_MOVES = YES;
				CLANG_WARN_UNREACHABLE_CODE = YES;
				CLANG_WARN__DUPLICATE_METHOD_MATCH = YES;
				"CODE_SIGN_IDENTITY[sdk=iphoneos*]" = "iPhone Developer";
				COPY_PHASE_STRIP = NO;
				DEBUG_INFORMATION_FORMAT = "dwarf-with-dsym";
				ENABLE_NS_ASSERTIONS = NO;
				ENABLE_STRICT_OBJC_MSGSEND = YES;
				GCC_C_LANGUAGE_STANDARD = gnu99;
				GCC_NO_COMMON_BLOCKS = YES;
				GCC_WARN_64_TO_32_BIT_CONVERSION = YES;
				GCC_WARN_ABOUT_RETURN_TYPE = YES_ERROR;
				GCC_WARN_UNDECLARED_SELECTOR = YES;
				GCC_WARN_UNINITIALIZED_AUTOS = YES_AGGRESSIVE;
				GCC_WARN_UNUSED_FUNCTION = YES;
				GCC_WARN_UNUSED_VARIABLE = YES;
				IPHONEOS_DEPLOYMENT_TARGET = 10.0;
				MTL_ENABLE_DEBUG_INFO = NO;
				SDKROOT = iphoneos;
				VALIDATE_PRODUCT = YES;
			};
			name = Release;
		};
		C9DB04301DB2586100F1D87A /* Debug */ = {
			isa = XCBuildConfiguration;
			baseConfigurationReference = EAFDA6188D66585D3E87D592 /* Pods-BN_BaseKit.debug.xcconfig */;
			buildSettings = {
				ASSETCATALOG_COMPILER_APPICON_NAME = AppIcon;
				INFOPLIST_FILE = BN_BaseKit/Info.plist;
				IPHONEOS_DEPLOYMENT_TARGET = 8.0;
				LD_RUNPATH_SEARCH_PATHS = "$(inherited) @executable_path/Frameworks";
				PRODUCT_BUNDLE_IDENTIFIER = "yuan..BN-BaseKit";
				PRODUCT_NAME = "$(TARGET_NAME)";
			};
			name = Debug;
		};
		C9DB04311DB2586100F1D87A /* Release */ = {
			isa = XCBuildConfiguration;
			baseConfigurationReference = EBEC046F409E0F1698A54C82 /* Pods-BN_BaseKit.release.xcconfig */;
			buildSettings = {
				ASSETCATALOG_COMPILER_APPICON_NAME = AppIcon;
				INFOPLIST_FILE = BN_BaseKit/Info.plist;
				IPHONEOS_DEPLOYMENT_TARGET = 8.0;
				LD_RUNPATH_SEARCH_PATHS = "$(inherited) @executable_path/Frameworks";
				PRODUCT_BUNDLE_IDENTIFIER = "yuan..BN-BaseKit";
				PRODUCT_NAME = "$(TARGET_NAME)";
			};
			name = Release;
		};
		C9DB04331DB2586100F1D87A /* Debug */ = {
			isa = XCBuildConfiguration;
			buildSettings = {
				BUNDLE_LOADER = "$(TEST_HOST)";
				INFOPLIST_FILE = BN_BaseKitTests/Info.plist;
				LD_RUNPATH_SEARCH_PATHS = "$(inherited) @executable_path/Frameworks @loader_path/Frameworks";
				PRODUCT_BUNDLE_IDENTIFIER = "yuan..BN-BaseKitTests";
				PRODUCT_NAME = "$(TARGET_NAME)";
				TEST_HOST = "$(BUILT_PRODUCTS_DIR)/BN_BaseKit.app/BN_BaseKit";
			};
			name = Debug;
		};
		C9DB04341DB2586100F1D87A /* Release */ = {
			isa = XCBuildConfiguration;
			buildSettings = {
				BUNDLE_LOADER = "$(TEST_HOST)";
				INFOPLIST_FILE = BN_BaseKitTests/Info.plist;
				LD_RUNPATH_SEARCH_PATHS = "$(inherited) @executable_path/Frameworks @loader_path/Frameworks";
				PRODUCT_BUNDLE_IDENTIFIER = "yuan..BN-BaseKitTests";
				PRODUCT_NAME = "$(TARGET_NAME)";
				TEST_HOST = "$(BUILT_PRODUCTS_DIR)/BN_BaseKit.app/BN_BaseKit";
			};
			name = Release;
		};
		C9DB04361DB2586100F1D87A /* Debug */ = {
			isa = XCBuildConfiguration;
			buildSettings = {
				INFOPLIST_FILE = BN_BaseKitUITests/Info.plist;
				LD_RUNPATH_SEARCH_PATHS = "$(inherited) @executable_path/Frameworks @loader_path/Frameworks";
				PRODUCT_BUNDLE_IDENTIFIER = "yuan..BN-BaseKitUITests";
				PRODUCT_NAME = "$(TARGET_NAME)";
				TEST_TARGET_NAME = BN_BaseKit;
			};
			name = Debug;
		};
		C9DB04371DB2586100F1D87A /* Release */ = {
			isa = XCBuildConfiguration;
			buildSettings = {
				INFOPLIST_FILE = BN_BaseKitUITests/Info.plist;
				LD_RUNPATH_SEARCH_PATHS = "$(inherited) @executable_path/Frameworks @loader_path/Frameworks";
				PRODUCT_BUNDLE_IDENTIFIER = "yuan..BN-BaseKitUITests";
				PRODUCT_NAME = "$(TARGET_NAME)";
				TEST_TARGET_NAME = BN_BaseKit;
			};
			name = Release;
		};
/* End XCBuildConfiguration section */

/* Begin XCConfigurationList section */
		C9DB03FD1DB2586100F1D87A /* Build configuration list for PBXProject "BN_BaseKit" */ = {
			isa = XCConfigurationList;
			buildConfigurations = (
				C9DB042D1DB2586100F1D87A /* Debug */,
				C9DB042E1DB2586100F1D87A /* Release */,
			);
			defaultConfigurationIsVisible = 0;
			defaultConfigurationName = Release;
		};
		C9DB042F1DB2586100F1D87A /* Build configuration list for PBXNativeTarget "BN_BaseKit" */ = {
			isa = XCConfigurationList;
			buildConfigurations = (
				C9DB04301DB2586100F1D87A /* Debug */,
				C9DB04311DB2586100F1D87A /* Release */,
			);
			defaultConfigurationIsVisible = 0;
			defaultConfigurationName = Release;
		};
		C9DB04321DB2586100F1D87A /* Build configuration list for PBXNativeTarget "BN_BaseKitTests" */ = {
			isa = XCConfigurationList;
			buildConfigurations = (
				C9DB04331DB2586100F1D87A /* Debug */,
				C9DB04341DB2586100F1D87A /* Release */,
			);
			defaultConfigurationIsVisible = 0;
			defaultConfigurationName = Release;
		};
		C9DB04351DB2586100F1D87A /* Build configuration list for PBXNativeTarget "BN_BaseKitUITests" */ = {
			isa = XCConfigurationList;
			buildConfigurations = (
				C9DB04361DB2586100F1D87A /* Debug */,
				C9DB04371DB2586100F1D87A /* Release */,
			);
			defaultConfigurationIsVisible = 0;
			defaultConfigurationName = Release;
		};
/* End XCConfigurationList section */
	};
	rootObject = C9DB03FA1DB2586100F1D87A /* Project object */;
}
